
Microsoft Visual Studio Solution File, Format Version 12.00
# Visual Studio Version 17
VisualStudioVersion = 17.3.32611.2
MinimumVisualStudioVersion = 10.0.40219.1
Project("{FAE04EC0-301F-11D3-BF4B-00C04F79EFBC}") = "EF_Core_FirstApp", "EF_Core_FirstApp\EF_Core_FirstApp.csproj", "{7623F42D-E854-4AA9-ADC6-7EF2AA1BCBCE}"
EndProject
Global
	GlobalSection(SolutionConfigurationPlatforms) = preSolution
		Debug|Any CPU = Debug|Any CPU
		Release|Any CPU = Release|Any CPU
	EndGlobalSection
	GlobalSection(ProjectConfigurationPlatforms) = postSolution
		{7623F42D-E854-4AA9-ADC6-7EF2AA1BCBCE}.Debug|Any CPU.ActiveCfg = Debug|Any CPU
		{7623F42D-E854-4AA9-ADC6-7EF2AA1BCBCE}.Debug|Any CPU.Build.0 = Debug|Any CPU
		{7623F42D-E854-4AA9-ADC6-7EF2AA1BCBCE}.Release|Any CPU.ActiveCfg = Release|Any CPU
		{7623F42D-E854-4AA9-ADC6-7EF2AA1BCBCE}.Release|Any CPU.Build.0 = Release|Any CPU
	EndGlobalSection
	GlobalSection(SolutionProperties) = preSolution
		HideSolutionNode = FALSE
	EndGlobalSection
	GlobalSection(ExtensibilityGlobals) = postSolution
		SolutionGuid = {6E4584E5-CA1A-4904-A83F-2658476A7C11}
	EndGlobalSection
EndGlobal
